// !$*UTF8*$!
{
	archiveVersion = 1;
	classes = {
	};
	objectVersion = 46;
	objects = {

/* Begin PBXBuildFile section */
		8319F2251DF5C61A0056A182 /* MainViewController.swift in Sources */ = {isa = PBXBuildFile; fileRef = 8319F2241DF5C61A0056A182 /* MainViewController.swift */; };
		8319F2271DF5C62F0056A182 /* HomeViewController.swift in Sources */ = {isa = PBXBuildFile; fileRef = 8319F2261DF5C62F0056A182 /* HomeViewController.swift */; };
		8319F2291DF5C6480056A182 /* MessageViewController.swift in Sources */ = {isa = PBXBuildFile; fileRef = 8319F2281DF5C6480056A182 /* MessageViewController.swift */; };
		8319F22B1DF5C6790056A182 /* DiscoverViewController.swift in Sources */ = {isa = PBXBuildFile; fileRef = 8319F22A1DF5C6790056A182 /* DiscoverViewController.swift */; };
		8319F22D1DF5C6840056A182 /* ProfileViewController.swift in Sources */ = {isa = PBXBuildFile; fileRef = 8319F22C1DF5C6840056A182 /* ProfileViewController.swift */; };
		8319F22F1DF5D16D0056A182 /* WeiBo.swift in Sources */ = {isa = PBXBuildFile; fileRef = 8319F22E1DF5D16D0056A182 /* WeiBo.swift */; };
		8319F2311DF5D3550056A182 /* vc_name.json in Resources */ = {isa = PBXBuildFile; fileRef = 8319F2301DF5D3550056A182 /* vc_name.json */; };
		8319F2331DF5D5080056A182 /* WeiBoJSONSerialization.swift in Sources */ = {isa = PBXBuildFile; fileRef = 8319F2321DF5D5080056A182 /* WeiBoJSONSerialization.swift */; };
		8319F2351DF5D7210056A182 /* ViewControllerAdaptive.swift in Sources */ = {isa = PBXBuildFile; fileRef = 8319F2341DF5D7210056A182 /* ViewControllerAdaptive.swift */; };
		83215A711DF5BD83008DAE2C /* AppDelegate.swift in Sources */ = {isa = PBXBuildFile; fileRef = 83215A701DF5BD83008DAE2C /* AppDelegate.swift */; };
		83215A761DF5BD83008DAE2C /* Main.storyboard in Resources */ = {isa = PBXBuildFile; fileRef = 83215A741DF5BD83008DAE2C /* Main.storyboard */; };
		83215A781DF5BD83008DAE2C /* Assets.xcassets in Resources */ = {isa = PBXBuildFile; fileRef = 83215A771DF5BD83008DAE2C /* Assets.xcassets */; };
		83215A7B1DF5BD83008DAE2C /* LaunchScreen.storyboard in Resources */ = {isa = PBXBuildFile; fileRef = 83215A791DF5BD83008DAE2C /* LaunchScreen.storyboard */; };
		8346BA911DF6FD0C002F1FDE /* Home.storyboard in Resources */ = {isa = PBXBuildFile; fileRef = 8346BA8F1DF6FD0C002F1FDE /* Home.storyboard */; };
		8346BA931DF6FD2C002F1FDE /* Message.storyboard in Resources */ = {isa = PBXBuildFile; fileRef = 8346BA921DF6FD2C002F1FDE /* Message.storyboard */; };
		8346BA961DF6FD3E002F1FDE /* Discover.storyboard in Resources */ = {isa = PBXBuildFile; fileRef = 8346BA941DF6FD3E002F1FDE /* Discover.storyboard */; };
		8346BA981DF6FD4D002F1FDE /* Profile.storyboard in Resources */ = {isa = PBXBuildFile; fileRef = 8346BA971DF6FD4D002F1FDE /* Profile.storyboard */; };
/* End PBXBuildFile section */

/* Begin PBXFileReference section */
		8319F2241DF5C61A0056A182 /* MainViewController.swift */ = {isa = PBXFileReference; fileEncoding = 4; lastKnownFileType = sourcecode.swift; path = MainViewController.swift; sourceTree = "<group>"; };
		8319F2261DF5C62F0056A182 /* HomeViewController.swift */ = {isa = PBXFileReference; fileEncoding = 4; lastKnownFileType = sourcecode.swift; path = HomeViewController.swift; sourceTree = "<group>"; };
		8319F2281DF5C6480056A182 /* MessageViewController.swift */ = {isa = PBXFileReference; fileEncoding = 4; lastKnownFileType = sourcecode.swift; path = MessageViewController.swift; sourceTree = "<group>"; };
		8319F22A1DF5C6790056A182 /* DiscoverViewController.swift */ = {isa = PBXFileReference; fileEncoding = 4; lastKnownFileType = sourcecode.swift; path = DiscoverViewController.swift; sourceTree = "<group>"; };
		8319F22C1DF5C6840056A182 /* ProfileViewController.swift */ = {isa = PBXFileReference; fileEncoding = 4; lastKnownFileType = sourcecode.swift; path = ProfileViewController.swift; sourceTree = "<group>"; };
		8319F22E1DF5D16D0056A182 /* WeiBo.swift */ = {isa = PBXFileReference; fileEncoding = 4; lastKnownFileType = sourcecode.swift; path = WeiBo.swift; sourceTree = "<group>"; };
		8319F2301DF5D3550056A182 /* vc_name.json */ = {isa = PBXFileReference; fileEncoding = 4; lastKnownFileType = text.json; path = vc_name.json; sourceTree = "<group>"; };
		8319F2321DF5D5080056A182 /* WeiBoJSONSerialization.swift */ = {isa = PBXFileReference; fileEncoding = 4; lastKnownFileType = sourcecode.swift; path = WeiBoJSONSerialization.swift; sourceTree = "<group>"; };
		8319F2341DF5D7210056A182 /* ViewControllerAdaptive.swift */ = {isa = PBXFileReference; fileEncoding = 4; lastKnownFileType = sourcecode.swift; path = ViewControllerAdaptive.swift; sourceTree = "<group>"; };
		83215A6D1DF5BD83008DAE2C /* WeiBo.app */ = {isa = PBXFileReference; explicitFileType = wrapper.application; includeInIndex = 0; path = WeiBo.app; sourceTree = BUILT_PRODUCTS_DIR; };
		83215A701DF5BD83008DAE2C /* AppDelegate.swift */ = {isa = PBXFileReference; lastKnownFileType = sourcecode.swift; path = AppDelegate.swift; sourceTree = "<group>"; };
		83215A751DF5BD83008DAE2C /* Base */ = {isa = PBXFileReference; lastKnownFileType = file.storyboard; name = Base; path = Base.lproj/Main.storyboard; sourceTree = "<group>"; };
		83215A771DF5BD83008DAE2C /* Assets.xcassets */ = {isa = PBXFileReference; lastKnownFileType = folder.assetcatalog; path = Assets.xcassets; sourceTree = "<group>"; };
		83215A7A1DF5BD83008DAE2C /* Base */ = {isa = PBXFileReference; lastKnownFileType = file.storyboard; name = Base; path = Base.lproj/LaunchScreen.storyboard; sourceTree = "<group>"; };
		83215A7C1DF5BD83008DAE2C /* Info.plist */ = {isa = PBXFileReference; lastKnownFileType = text.plist.xml; path = Info.plist; sourceTree = "<group>"; };
		8346BA901DF6FD0C002F1FDE /* Base */ = {isa = PBXFileReference; lastKnownFileType = file.storyboard; name = Base; path = Base.lproj/Home.storyboard; sourceTree = "<group>"; };
		8346BA921DF6FD2C002F1FDE /* Message.storyboard */ = {isa = PBXFileReference; fileEncoding = 4; lastKnownFileType = file.storyboard; path = Message.storyboard; sourceTree = "<group>"; };
		8346BA951DF6FD3E002F1FDE /* Base */ = {isa = PBXFileReference; lastKnownFileType = file.storyboard; name = Base; path = Base.lproj/Discover.storyboard; sourceTree = "<group>"; };
		8346BA971DF6FD4D002F1FDE /* Profile.storyboard */ = {isa = PBXFileReference; fileEncoding = 4; lastKnownFileType = file.storyboard; path = Profile.storyboard; sourceTree = "<group>"; };
/* End PBXFileReference section */

/* Begin PBXFrameworksBuildPhase section */
		83215A6A1DF5BD83008DAE2C /* Frameworks */ = {
			isa = PBXFrameworksBuildPhase;
			buildActionMask = 2147483647;
			files = (
			);
			runOnlyForDeploymentPostprocessing = 0;
		};
/* End PBXFrameworksBuildPhase section */

/* Begin PBXGroup section */
		83215A641DF5BD83008DAE2C = {
			isa = PBXGroup;
			children = (
				83215A6F1DF5BD83008DAE2C /* WeiBo */,
				83215A6E1DF5BD83008DAE2C /* Products */,
			);
			sourceTree = "<group>";
		};
		83215A6E1DF5BD83008DAE2C /* Products */ = {
			isa = PBXGroup;
			children = (
				83215A6D1DF5BD83008DAE2C /* WeiBo.app */,
			);
			name = Products;
			sourceTree = "<group>";
		};
		83215A6F1DF5BD83008DAE2C /* WeiBo */ = {
			isa = PBXGroup;
			children = (
				8319F2321DF5D5080056A182 /* WeiBoJSONSerialization.swift */,
				8319F2341DF5D7210056A182 /* ViewControllerAdaptive.swift */,
				8319F22E1DF5D16D0056A182 /* WeiBo.swift */,
				8319F2241DF5C61A0056A182 /* MainViewController.swift */,
				8319F2261DF5C62F0056A182 /* HomeViewController.swift */,
				8319F2281DF5C6480056A182 /* MessageViewController.swift */,
				8319F22A1DF5C6790056A182 /* DiscoverViewController.swift */,
				8319F22C1DF5C6840056A182 /* ProfileViewController.swift */,
				83215A701DF5BD83008DAE2C /* AppDelegate.swift */,
				83215A741DF5BD83008DAE2C /* Main.storyboard */,
				8346BA971DF6FD4D002F1FDE /* Profile.storyboard */,
				8346BA941DF6FD3E002F1FDE /* Discover.storyboard */,
				8346BA921DF6FD2C002F1FDE /* Message.storyboard */,
				8346BA8F1DF6FD0C002F1FDE /* Home.storyboard */,
				83215A771DF5BD83008DAE2C /* Assets.xcassets */,
				83215A791DF5BD83008DAE2C /* LaunchScreen.storyboard */,
				83215A7C1DF5BD83008DAE2C /* Info.plist */,
				8319F2301DF5D3550056A182 /* vc_name.json */,
			);
			path = WeiBo;
			sourceTree = "<group>";
		};
/* End PBXGroup section */

/* Begin PBXNativeTarget section */
		83215A6C1DF5BD83008DAE2C /* WeiBo */ = {
			isa = PBXNativeTarget;
			buildConfigurationList = 83215A7F1DF5BD83008DAE2C /* Build configuration list for PBXNativeTarget "WeiBo" */;
			buildPhases = (
				83215A691DF5BD83008DAE2C /* Sources */,
				83215A6A1DF5BD83008DAE2C /* Frameworks */,
				83215A6B1DF5BD83008DAE2C /* Resources */,
			);
			buildRules = (
			);
			dependencies = (
			);
			name = WeiBo;
			productName = WeiBo;
			productReference = 83215A6D1DF5BD83008DAE2C /* WeiBo.app */;
			productType = "com.apple.product-type.application";
		};
/* End PBXNativeTarget section */

/* Begin PBXProject section */
		83215A651DF5BD83008DAE2C /* Project object */ = {
			isa = PBXProject;
			attributes = {
				LastSwiftUpdateCheck = 0810;
				LastUpgradeCheck = 0810;
				ORGANIZATIONNAME = Chris;
				TargetAttributes = {
					83215A6C1DF5BD83008DAE2C = {
						CreatedOnToolsVersion = 8.1;
						DevelopmentTeam = Y7673FFN4G;
						ProvisioningStyle = Automatic;
					};
				};
			};
			buildConfigurationList = 83215A681DF5BD83008DAE2C /* Build configuration list for PBXProject "WeiBo" */;
			compatibilityVersion = "Xcode 3.2";
			developmentRegion = English;
			hasScannedForEncodings = 0;
			knownRegions = (
				en,
				Base,
			);
			mainGroup = 83215A641DF5BD83008DAE2C;
			productRefGroup = 83215A6E1DF5BD83008DAE2C /* Products */;
			projectDirPath = "";
			projectRoot = "";
			targets = (
				83215A6C1DF5BD83008DAE2C /* WeiBo */,
			);
		};
/* End PBXProject section */

/* Begin PBXResourcesBuildPhase section */
		83215A6B1DF5BD83008DAE2C /* Resources */ = {
			isa = PBXResourcesBuildPhase;
			buildActionMask = 2147483647;
			files = (
				83215A7B1DF5BD83008DAE2C /* LaunchScreen.storyboard in Resources */,
				8346BA911DF6FD0C002F1FDE /* Home.storyboard in Resources */,
				8346BA981DF6FD4D002F1FDE /* Profile.storyboard in Resources */,
				8319F2311DF5D3550056A182 /* vc_name.json in Resources */,
				83215A781DF5BD83008DAE2C /* Assets.xcassets in Resources */,
				8346BA931DF6FD2C002F1FDE /* Message.storyboard in Resources */,
				8346BA961DF6FD3E002F1FDE /* Discover.storyboard in Resources */,
				83215A761DF5BD83008DAE2C /* Main.storyboard in Resources */,
			);
			runOnlyForDeploymentPostprocessing = 0;
		};
/* End PBXResourcesBuildPhase section */

/* Begin PBXSourcesBuildPhase section */
		83215A691DF5BD83008DAE2C /* Sources */ = {
			isa = PBXSourcesBuildPhase;
			buildActionMask = 2147483647;
			files = (
				8319F2251DF5C61A0056A182 /* MainViewController.swift in Sources */,
				83215A711DF5BD83008DAE2C /* AppDelegate.swift in Sources */,
				8319F22B1DF5C6790056A182 /* DiscoverViewController.swift in Sources */,
				8319F22F1DF5D16D0056A182 /* WeiBo.swift in Sources */,
				8319F22D1DF5C6840056A182 /* ProfileViewController.swift in Sources */,
				8319F2331DF5D5080056A182 /* WeiBoJSONSerialization.swift in Sources */,
				8319F2351DF5D7210056A182 /* ViewControllerAdaptive.swift in Sources */,
				8319F2271DF5C62F0056A182 /* HomeViewController.swift in Sources */,
				8319F2291DF5C6480056A182 /* MessageViewController.swift in Sources */,
			);
			runOnlyForDeploymentPostprocessing = 0;
		};
/* End PBXSourcesBuildPhase section */

/* Begin PBXVariantGroup section */
		83215A741DF5BD83008DAE2C /* Main.storyboard */ = {
			isa = PBXVariantGroup;
			children = (
				83215A751DF5BD83008DAE2C /* Base */,
			);
			name = Main.storyboard;
			sourceTree = "<group>";
		};
		83215A791DF5BD83008DAE2C /* LaunchScreen.storyboard */ = {
			isa = PBXVariantGroup;
			children = (
				83215A7A1DF5BD83008DAE2C /* Base */,
			);
			name = LaunchScreen.storyboard;
			sourceTree = "<group>";
		};
		8346BA8F1DF6FD0C002F1FDE /* Home.storyboard */ = {
			isa = PBXVariantGroup;
			children = (
				8346BA901DF6FD0C002F1FDE /* Base */,
			);
			name = Home.storyboard;
			sourceTree = "<group>";
		};
		8346BA941DF6FD3E002F1FDE /* Discover.storyboard */ = {
			isa = PBXVariantGroup;
			children = (
				8346BA951DF6FD3E002F1FDE /* Base */,
			);
			name = Discover.storyboard;
			sourceTree = "<group>";
		};
/* End PBXVariantGroup section */

/* Begin XCBuildConfiguration section */
		83215A7D1DF5BD83008DAE2C /* Debug */ = {
			isa = XCBuildConfiguration;
			buildSettings = {
				ALWAYS_SEARCH_USER_PATHS = NO;
				CLANG_ANALYZER_NONNULL = YES;
				CLANG_CXX_LANGUAGE_STANDARD = "gnu++0x";
				CLANG_CXX_LIBRARY = "libc++";
				CLANG_ENABLE_MODULES = YES;
				CLANG_ENABLE_OBJC_ARC = YES;
				CLANG_WARN_BOOL_CONVERSION = YES;
				CLANG_WARN_CONSTANT_CONVERSION = YES;
				CLANG_WARN_DIRECT_OBJC_ISA_USAGE = YES_ERROR;
				CLANG_WARN_DOCUMENTATION_COMMENTS = YES;
				CLANG_WARN_EMPTY_BODY = YES;
				CLANG_WARN_ENUM_CONVERSION = YES;
				CLANG_WARN_INFINITE_RECURSION = YES;
				CLANG_WARN_INT_CONVERSION = YES;
				CLANG_WARN_OBJC_ROOT_CLASS = YES_ERROR;
				CLANG_WARN_SUSPICIOUS_MOVES = YES;
				CLANG_WARN_UNREACHABLE_CODE = YES;
				CLANG_WARN__DUPLICATE_METHOD_MATCH = YES;
				"CODE_SIGN_IDENTITY[sdk=iphoneos*]" = "iPhone Developer";
				COPY_PHASE_STRIP = NO;
				DEBUG_INFORMATION_FORMAT = dwarf;
				ENABLE_STRICT_OBJC_MSGSEND = YES;
				ENABLE_TESTABILITY = YES;
				GCC_C_LANGUAGE_STANDARD = gnu99;
				GCC_DYNAMIC_NO_PIC = NO;
				GCC_NO_COMMON_BLOCKS = YES;
				GCC_OPTIMIZATION_LEVEL = 0;
				GCC_PREPROCESSOR_DEFINITIONS = (
					"DEBUG=1",
					"$(inherited)",
				);
				GCC_WARN_64_TO_32_BIT_CONVERSION = YES;
				GCC_WARN_ABOUT_RETURN_TYPE = YES_ERROR;
				GCC_WARN_UNDECLARED_SELECTOR = YES;
				GCC_WARN_UNINITIALIZED_AUTOS = YES_AGGRESSIVE;
				GCC_WARN_UNUSED_FUNCTION = YES;
				GCC_WARN_UNUSED_VARIABLE = YES;
				IPHONEOS_DEPLOYMENT_TARGET = 10.1;
				MTL_ENABLE_DEBUG_INFO = YES;
				ONLY_ACTIVE_ARCH = YES;
				SDKROOT = iphoneos;
				SWIFT_ACTIVE_COMPILATION_CONDITIONS = DEBUG;
				SWIFT_OPTIMIZATION_LEVEL = "-Onone";
				TARGETED_DEVICE_FAMILY = "1,2";
			};
			name = Debug;
		};
		83215A7E1DF5BD83008DAE2C /* Release */ = {
			isa = XCBuildConfiguration;
			buildSettings = {
				ALWAYS_SEARCH_USER_PATHS = NO;
				CLANG_ANALYZER_NONNULL = YES;
				CLANG_CXX_LANGUAGE_STANDARD = "gnu++0x";
				CLANG_CXX_LIBRARY = "libc++";
				CLANG_ENABLE_MODULES = YES;
				CLANG_ENABLE_OBJC_ARC = YES;
				CLANG_WARN_BOOL_CONVERSION = YES;
				CLANG_WARN_CONSTANT_CONVERSION = YES;
				CLANG_WARN_DIRECT_OBJC_ISA_USAGE = YES_ERROR;
				CLANG_WARN_DOCUMENTATION_COMMENTS = YES;
				CLANG_WARN_EMPTY_BODY = YES;
				CLANG_WARN_ENUM_CONVERSION = YES;
				CLANG_WARN_INFINITE_RECURSION = YES;
				CLANG_WARN_INT_CONVERSION = YES;
				CLANG_WARN_OBJC_ROOT_CLASS = YES_ERROR;
				CLANG_WARN_SUSPICIOUS_MOVES = YES;
				CLANG_WARN_UNREACHABLE_CODE = YES;
				CLANG_WARN__DUPLICATE_METHOD_MATCH = YES;
				"CODE_SIGN_IDENTITY[sdk=iphoneos*]" = "iPhone Developer";
				COPY_PHASE_STRIP = NO;
				DEBUG_INFORMATION_FORMAT = "dwarf-with-dsym";
				ENABLE_NS_ASSERTIONS = NO;
				ENABLE_STRICT_OBJC_MSGSEND = YES;
				GCC_C_LANGUAGE_STANDARD = gnu99;
				GCC_NO_COMMON_BLOCKS = YES;
				GCC_WARN_64_TO_32_BIT_CONVERSION = YES;
				GCC_WARN_ABOUT_RETURN_TYPE = YES_ERROR;
				GCC_WARN_UNDECLARED_SELECTOR = YES;
				GCC_WARN_UNINITIALIZED_AUTOS = YES_AGGRESSIVE;
				GCC_WARN_UNUSED_FUNCTION = YES;
				GCC_WARN_UNUSED_VARIABLE = YES;
				IPHONEOS_DEPLOYMENT_TARGET = 10.1;
				MTL_ENABLE_DEBUG_INFO = NO;
				SDKROOT = iphoneos;
				SWIFT_OPTIMIZATION_LEVEL = "-Owholemodule";
				TARGETED_DEVICE_FAMILY = "1,2";
				VALIDATE_PRODUCT = YES;
			};
			name = Release;
		};
		83215A801DF5BD83008DAE2C /* Debug */ = {
			isa = XCBuildConfiguration;
			buildSettings = {
				ASSETCATALOG_COMPILER_APPICON_NAME = AppIcon;
				DEVELOPMENT_TEAM = Y7673FFN4G;
				INFOPLIST_FILE = WeiBo/Info.plist;
				LD_RUNPATH_SEARCH_PATHS = "$(inherited) @executable_path/Frameworks";
				PRODUCT_BUNDLE_IDENTIFIER = com.l1dan.WeiBo;
				PRODUCT_NAME = "$(TARGET_NAME)";
				SWIFT_VERSION = 3.0;
			};
			name = Debug;
		};
		83215A811DF5BD83008DAE2C /* Release */ = {
			isa = XCBuildConfiguration;
			buildSettings = {
				ASSETCATALOG_COMPILER_APPICON_NAME = AppIcon;
				DEVELOPMENT_TEAM = Y7673FFN4G;
				INFOPLIST_FILE = WeiBo/Info.plist;
				LD_RUNPATH_SEARCH_PATHS = "$(inherited) @executable_path/Frameworks";
				PRODUCT_BUNDLE_IDENTIFIER = com.l1dan.WeiBo;
				PRODUCT_NAME = "$(TARGET_NAME)";
				SWIFT_VERSION = 3.0;
			};
			name = Release;
		};
/* End XCBuildConfiguration section */

/* Begin XCConfigurationList section */
		83215A681DF5BD83008DAE2C /* Build configuration list for PBXProject "WeiBo" */ = {
			isa = XCConfigurationList;
			buildConfigurations = (
				83215A7D1DF5BD83008DAE2C /* Debug */,
				83215A7E1DF5BD83008DAE2C /* Release */,
			);
			defaultConfigurationIsVisible = 0;
			defaultConfigurationName = Release;
		};
		83215A7F1DF5BD83008DAE2C /* Build configuration list for PBXNativeTarget "WeiBo" */ = {
			isa = XCConfigurationList;
			buildConfigurations = (
				83215A801DF5BD83008DAE2C /* Debug */,
				83215A811DF5BD83008DAE2C /* Release */,
			);
			defaultConfigurationIsVisible = 0;
			defaultConfigurationName = Release;
		};
/* End XCConfigurationList section */
	};
	rootObject = 83215A651DF5BD83008DAE2C /* Project object */;
}
