// !$*UTF8*$!
{
	archiveVersion = 1;
	classes = {
	};
	objectVersion = 46;
	objects = {

/* Begin PBXBuildFile section */
		8319F2251DF5C61A0056A182 /* MainViewController.swift in Sources */ = {isa = PBXBuildFile; fileRef = 8319F2241DF5C61A0056A182 /* MainViewController.swift */; };
		8319F2271DF5C62F0056A182 /* HomeViewController.swift in Sources */ = {isa = PBXBuildFile; fileRef = 8319F2261DF5C62F0056A182 /* HomeViewController.swift */; };
		8319F2291DF5C6480056A182 /* MessageViewController.swift in Sources */ = {isa = PBXBuildFile; fileRef = 8319F2281DF5C6480056A182 /* MessageViewController.swift */; };
		8319F22B1DF5C6790056A182 /* DiscoverViewController.swift in Sources */ = {isa = PBXBuildFile; fileRef = 8319F22A1DF5C6790056A182 /* DiscoverViewController.swift */; };
		8319F22D1DF5C6840056A182 /* ProfileViewController.swift in Sources */ = {isa = PBXBuildFile; fileRef = 8319F22C1DF5C6840056A182 /* ProfileViewController.swift */; };
		8319F22F1DF5D16D0056A182 /* WeiBo.swift in Sources */ = {isa = PBXBuildFile; fileRef = 8319F22E1DF5D16D0056A182 /* WeiBo.swift */; };
		8319F2311DF5D3550056A182 /* vc_name.json in Resources */ = {isa = PBXBuildFile; fileRef = 8319F2301DF5D3550056A182 /* vc_name.json */; };
		8319F2331DF5D5080056A182 /* WeiBoJSONSerialization.swift in Sources */ = {isa = PBXBuildFile; fileRef = 8319F2321DF5D5080056A182 /* WeiBoJSONSerialization.swift */; };
		8319F2351DF5D7210056A182 /* ViewControllerAdaptive.swift in Sources */ = {isa = PBXBuildFile; fileRef = 8319F2341DF5D7210056A182 /* ViewControllerAdaptive.swift */; };
		83215A711DF5BD83008DAE2C /* AppDelegate.swift in Sources */ = {isa = PBXBuildFile; fileRef = 83215A701DF5BD83008DAE2C /* AppDelegate.swift */; };
		83215A761DF5BD83008DAE2C /* Main.storyboard in Resources */ = {isa = PBXBuildFile; fileRef = 83215A741DF5BD83008DAE2C /* Main.storyboard */; };
		83215A781DF5BD83008DAE2C /* Assets.xcassets in Resources */ = {isa = PBXBuildFile; fileRef = 83215A771DF5BD83008DAE2C /* Assets.xcassets */; };
		83215A7B1DF5BD83008DAE2C /* LaunchScreen.storyboard in Resources */ = {isa = PBXBuildFile; fileRef = 83215A791DF5BD83008DAE2C /* LaunchScreen.storyboard */; };
		8346BA911DF6FD0C002F1FDE /* Home.storyboard in Resources */ = {isa = PBXBuildFile; fileRef = 8346BA8F1DF6FD0C002F1FDE /* Home.storyboard */; };
		8346BA931DF6FD2C002F1FDE /* Message.storyboard in Resources */ = {isa = PBXBuildFile; fileRef = 8346BA921DF6FD2C002F1FDE /* Message.storyboard */; };
		8346BA961DF6FD3E002F1FDE /* Discover.storyboard in Resources */ = {isa = PBXBuildFile; fileRef = 8346BA941DF6FD3E002F1FDE /* Discover.storyboard */; };
		8346BA981DF6FD4D002F1FDE /* Profile.storyboard in Resources */ = {isa = PBXBuildFile; fileRef = 8346BA971DF6FD4D002F1FDE /* Profile.storyboard */; };
		8346BA9B1DF6FE36002F1FDE /* Plus.storyboard in Resources */ = {isa = PBXBuildFile; fileRef = 8346BA991DF6FE36002F1FDE /* Plus.storyboard */; };
		8353AB6E1DFC355900A3D382 /* HomeViewCell.swift in Sources */ = {isa = PBXBuildFile; fileRef = 8353AB6C1DFC355900A3D382 /* HomeViewCell.swift */; };
		839D3CC21DFC20BA00DA4CC2 /* Status.swift in Sources */ = {isa = PBXBuildFile; fileRef = 839D3CC11DFC20BA00DA4CC2 /* Status.swift */; };
		839D3CC41DFC213E00DA4CC2 /* User.swift in Sources */ = {isa = PBXBuildFile; fileRef = 839D3CC31DFC213E00DA4CC2 /* User.swift */; };
		839DC4151DFAD76900E894EF /* OAuthViewController.swift in Sources */ = {isa = PBXBuildFile; fileRef = 839DC4131DFAD76900E894EF /* OAuthViewController.swift */; };
		839DC4161DFAD76900E894EF /* OAuthViewController.xib in Resources */ = {isa = PBXBuildFile; fileRef = 839DC4141DFAD76900E894EF /* OAuthViewController.xib */; };
		839DC4191DFAEC2D00E894EF /* HTTPSession.swift in Sources */ = {isa = PBXBuildFile; fileRef = 839DC4181DFAEC2D00E894EF /* HTTPSession.swift */; };
		839DC41B1DFAF8BE00E894EF /* OAuthRequest.swift in Sources */ = {isa = PBXBuildFile; fileRef = 839DC41A1DFAF8BE00E894EF /* OAuthRequest.swift */; };
		839DC41D1DFAFE5900E894EF /* ApiManager.swift in Sources */ = {isa = PBXBuildFile; fileRef = 839DC41C1DFAFE5900E894EF /* ApiManager.swift */; };
		839DC41F1DFB049E00E894EF /* Account.swift in Sources */ = {isa = PBXBuildFile; fileRef = 839DC41E1DFB049E00E894EF /* Account.swift */; };
		839DC4241DFB1D8F00E894EF /* WelcomeViewController.swift in Sources */ = {isa = PBXBuildFile; fileRef = 839DC4221DFB1D8F00E894EF /* WelcomeViewController.swift */; };
		839DC4251DFB1D8F00E894EF /* WelcomeViewController.xib in Resources */ = {isa = PBXBuildFile; fileRef = 839DC4231DFB1D8F00E894EF /* WelcomeViewController.xib */; };
		83B17ADA1DF858FC00688743 /* WeiBoBarButtonItem.swift in Sources */ = {isa = PBXBuildFile; fileRef = 83B17AD91DF858FC00688743 /* WeiBoBarButtonItem.swift */; };
		83B17ADC1DF85F4300688743 /* HomeTitleButton.swift in Sources */ = {isa = PBXBuildFile; fileRef = 83B17ADB1DF85F4300688743 /* HomeTitleButton.swift */; };
		83B17AEB1DF866BF00688743 /* PopoverViewController.swift in Sources */ = {isa = PBXBuildFile; fileRef = 83B17AE91DF866BF00688743 /* PopoverViewController.swift */; };
		83B17AEC1DF866BF00688743 /* PopoverViewController.xib in Resources */ = {isa = PBXBuildFile; fileRef = 83B17AEA1DF866BF00688743 /* PopoverViewController.xib */; };
		83B17AEE1DF8696100688743 /* PopoverPresentationController.swift in Sources */ = {isa = PBXBuildFile; fileRef = 83B17AED1DF8696100688743 /* PopoverPresentationController.swift */; };
		83B17AF01DF874D100688743 /* PopoverAnimatedTransitioning.swift in Sources */ = {isa = PBXBuildFile; fileRef = 83B17AEF1DF874D100688743 /* PopoverAnimatedTransitioning.swift */; };
		83B9225E1DF83E5B006DBD1A /* GuestView.swift in Sources */ = {isa = PBXBuildFile; fileRef = 83B9225D1DF83E5B006DBD1A /* GuestView.swift */; };
		83B922601DF83E6D006DBD1A /* GuestView.xib in Resources */ = {isa = PBXBuildFile; fileRef = 83B9225F1DF83E6D006DBD1A /* GuestView.xib */; };
/* End PBXBuildFile section */

/* Begin PBXFileReference section */
		8319F2241DF5C61A0056A182 /* MainViewController.swift */ = {isa = PBXFileReference; fileEncoding = 4; lastKnownFileType = sourcecode.swift; path = MainViewController.swift; sourceTree = "<group>"; };
		8319F2261DF5C62F0056A182 /* HomeViewController.swift */ = {isa = PBXFileReference; fileEncoding = 4; lastKnownFileType = sourcecode.swift; path = HomeViewController.swift; sourceTree = "<group>"; };
		8319F2281DF5C6480056A182 /* MessageViewController.swift */ = {isa = PBXFileReference; fileEncoding = 4; lastKnownFileType = sourcecode.swift; path = MessageViewController.swift; sourceTree = "<group>"; };
		8319F22A1DF5C6790056A182 /* DiscoverViewController.swift */ = {isa = PBXFileReference; fileEncoding = 4; lastKnownFileType = sourcecode.swift; path = DiscoverViewController.swift; sourceTree = "<group>"; };
		8319F22C1DF5C6840056A182 /* ProfileViewController.swift */ = {isa = PBXFileReference; fileEncoding = 4; lastKnownFileType = sourcecode.swift; path = ProfileViewController.swift; sourceTree = "<group>"; };
		8319F22E1DF5D16D0056A182 /* WeiBo.swift */ = {isa = PBXFileReference; fileEncoding = 4; lastKnownFileType = sourcecode.swift; path = WeiBo.swift; sourceTree = "<group>"; };
		8319F2301DF5D3550056A182 /* vc_name.json */ = {isa = PBXFileReference; fileEncoding = 4; lastKnownFileType = text.json; path = vc_name.json; sourceTree = "<group>"; };
		8319F2321DF5D5080056A182 /* WeiBoJSONSerialization.swift */ = {isa = PBXFileReference; fileEncoding = 4; lastKnownFileType = sourcecode.swift; path = WeiBoJSONSerialization.swift; sourceTree = "<group>"; };
		8319F2341DF5D7210056A182 /* ViewControllerAdaptive.swift */ = {isa = PBXFileReference; fileEncoding = 4; lastKnownFileType = sourcecode.swift; path = ViewControllerAdaptive.swift; sourceTree = "<group>"; };
		83215A6D1DF5BD83008DAE2C /* WeiBo.app */ = {isa = PBXFileReference; explicitFileType = wrapper.application; includeInIndex = 0; path = WeiBo.app; sourceTree = BUILT_PRODUCTS_DIR; };
		83215A701DF5BD83008DAE2C /* AppDelegate.swift */ = {isa = PBXFileReference; lastKnownFileType = sourcecode.swift; path = AppDelegate.swift; sourceTree = "<group>"; };
		83215A751DF5BD83008DAE2C /* Base */ = {isa = PBXFileReference; lastKnownFileType = file.storyboard; name = Base; path = Base.lproj/Main.storyboard; sourceTree = "<group>"; };
		83215A771DF5BD83008DAE2C /* Assets.xcassets */ = {isa = PBXFileReference; lastKnownFileType = folder.assetcatalog; path = Assets.xcassets; sourceTree = "<group>"; };
		83215A7A1DF5BD83008DAE2C /* Base */ = {isa = PBXFileReference; lastKnownFileType = file.storyboard; name = Base; path = Base.lproj/LaunchScreen.storyboard; sourceTree = "<group>"; };
		83215A7C1DF5BD83008DAE2C /* Info.plist */ = {isa = PBXFileReference; lastKnownFileType = text.plist.xml; path = Info.plist; sourceTree = "<group>"; };
		8346BA901DF6FD0C002F1FDE /* Base */ = {isa = PBXFileReference; lastKnownFileType = file.storyboard; name = Base; path = Base.lproj/Home.storyboard; sourceTree = "<group>"; };
		8346BA921DF6FD2C002F1FDE /* Message.storyboard */ = {isa = PBXFileReference; fileEncoding = 4; lastKnownFileType = file.storyboard; path = Message.storyboard; sourceTree = "<group>"; };
		8346BA951DF6FD3E002F1FDE /* Base */ = {isa = PBXFileReference; lastKnownFileType = file.storyboard; name = Base; path = Base.lproj/Discover.storyboard; sourceTree = "<group>"; };
		8346BA971DF6FD4D002F1FDE /* Profile.storyboard */ = {isa = PBXFileReference; fileEncoding = 4; lastKnownFileType = file.storyboard; path = Profile.storyboard; sourceTree = "<group>"; };
		8346BA9A1DF6FE36002F1FDE /* Base */ = {isa = PBXFileReference; lastKnownFileType = file.storyboard; name = Base; path = Base.lproj/Plus.storyboard; sourceTree = "<group>"; };
		8353AB6C1DFC355900A3D382 /* HomeViewCell.swift */ = {isa = PBXFileReference; fileEncoding = 4; lastKnownFileType = sourcecode.swift; path = HomeViewCell.swift; sourceTree = "<group>"; };
		839D3CC11DFC20BA00DA4CC2 /* Status.swift */ = {isa = PBXFileReference; fileEncoding = 4; lastKnownFileType = sourcecode.swift; path = Status.swift; sourceTree = "<group>"; };
		839D3CC31DFC213E00DA4CC2 /* User.swift */ = {isa = PBXFileReference; fileEncoding = 4; lastKnownFileType = sourcecode.swift; path = User.swift; sourceTree = "<group>"; };
		839DC4131DFAD76900E894EF /* OAuthViewController.swift */ = {isa = PBXFileReference; fileEncoding = 4; lastKnownFileType = sourcecode.swift; path = OAuthViewController.swift; sourceTree = "<group>"; };
		839DC4141DFAD76900E894EF /* OAuthViewController.xib */ = {isa = PBXFileReference; fileEncoding = 4; lastKnownFileType = file.xib; path = OAuthViewController.xib; sourceTree = "<group>"; };
		839DC4181DFAEC2D00E894EF /* HTTPSession.swift */ = {isa = PBXFileReference; fileEncoding = 4; lastKnownFileType = sourcecode.swift; path = HTTPSession.swift; sourceTree = "<group>"; };
		839DC41A1DFAF8BE00E894EF /* OAuthRequest.swift */ = {isa = PBXFileReference; fileEncoding = 4; lastKnownFileType = sourcecode.swift; path = OAuthRequest.swift; sourceTree = "<group>"; };
		839DC41C1DFAFE5900E894EF /* ApiManager.swift */ = {isa = PBXFileReference; fileEncoding = 4; lastKnownFileType = sourcecode.swift; path = ApiManager.swift; sourceTree = "<group>"; };
		839DC41E1DFB049E00E894EF /* Account.swift */ = {isa = PBXFileReference; fileEncoding = 4; lastKnownFileType = sourcecode.swift; path = Account.swift; sourceTree = "<group>"; };
		839DC4221DFB1D8F00E894EF /* WelcomeViewController.swift */ = {isa = PBXFileReference; fileEncoding = 4; lastKnownFileType = sourcecode.swift; path = WelcomeViewController.swift; sourceTree = "<group>"; };
		839DC4231DFB1D8F00E894EF /* WelcomeViewController.xib */ = {isa = PBXFileReference; fileEncoding = 4; lastKnownFileType = file.xib; path = WelcomeViewController.xib; sourceTree = "<group>"; };
		83B17AD91DF858FC00688743 /* WeiBoBarButtonItem.swift */ = {isa = PBXFileReference; fileEncoding = 4; lastKnownFileType = sourcecode.swift; path = WeiBoBarButtonItem.swift; sourceTree = "<group>"; };
		83B17ADB1DF85F4300688743 /* HomeTitleButton.swift */ = {isa = PBXFileReference; fileEncoding = 4; lastKnownFileType = sourcecode.swift; path = HomeTitleButton.swift; sourceTree = "<group>"; };
		83B17AE91DF866BF00688743 /* PopoverViewController.swift */ = {isa = PBXFileReference; fileEncoding = 4; lastKnownFileType = sourcecode.swift; path = PopoverViewController.swift; sourceTree = "<group>"; };
		83B17AEA1DF866BF00688743 /* PopoverViewController.xib */ = {isa = PBXFileReference; fileEncoding = 4; lastKnownFileType = file.xib; path = PopoverViewController.xib; sourceTree = "<group>"; };
		83B17AED1DF8696100688743 /* PopoverPresentationController.swift */ = {isa = PBXFileReference; fileEncoding = 4; lastKnownFileType = sourcecode.swift; path = PopoverPresentationController.swift; sourceTree = "<group>"; };
		83B17AEF1DF874D100688743 /* PopoverAnimatedTransitioning.swift */ = {isa = PBXFileReference; fileEncoding = 4; lastKnownFileType = sourcecode.swift; path = PopoverAnimatedTransitioning.swift; sourceTree = "<group>"; };
		83B9225D1DF83E5B006DBD1A /* GuestView.swift */ = {isa = PBXFileReference; fileEncoding = 4; lastKnownFileType = sourcecode.swift; path = GuestView.swift; sourceTree = "<group>"; };
		83B9225F1DF83E6D006DBD1A /* GuestView.xib */ = {isa = PBXFileReference; fileEncoding = 4; lastKnownFileType = file.xib; path = GuestView.xib; sourceTree = "<group>"; };
/* End PBXFileReference section */

/* Begin PBXFrameworksBuildPhase section */
		83215A6A1DF5BD83008DAE2C /* Frameworks */ = {
			isa = PBXFrameworksBuildPhase;
			buildActionMask = 2147483647;
			files = (
			);
			runOnlyForDeploymentPostprocessing = 0;
		};
/* End PBXFrameworksBuildPhase section */

/* Begin PBXGroup section */
		83215A641DF5BD83008DAE2C = {
			isa = PBXGroup;
			children = (
				83215A6E1DF5BD83008DAE2C /* Products */,
				83215A6F1DF5BD83008DAE2C /* WeiBo */,
			);
			sourceTree = "<group>";
		};
		83215A6E1DF5BD83008DAE2C /* Products */ = {
			isa = PBXGroup;
			children = (
				83215A6D1DF5BD83008DAE2C /* WeiBo.app */,
			);
			name = Products;
			sourceTree = "<group>";
		};
		83215A6F1DF5BD83008DAE2C /* WeiBo */ = {
			isa = PBXGroup;
			children = (
				83B17ADD1DF8625300688743 /* Common */,
				83B17ADF1DF8627800688743 /* Extension */,
				83B17AE21DF862E600688743 /* Frontend */,
				839DC4171DFAEBD400E894EF /* Network */,
				83B17AE11DF862AB00688743 /* Support Files */,
				83B17ADE1DF8626900688743 /* UIKit */,
				83B17AE01DF8629600688743 /* Util */,
			);
			path = WeiBo;
			sourceTree = "<group>";
		};
		839DC4111DFAD71A00E894EF /* OAuth */ = {
			isa = PBXGroup;
			children = (
				839DC41A1DFAF8BE00E894EF /* OAuthRequest.swift */,
				839DC4131DFAD76900E894EF /* OAuthViewController.swift */,
				839DC4141DFAD76900E894EF /* OAuthViewController.xib */,
			);
			path = OAuth;
			sourceTree = "<group>";
		};
		839DC4171DFAEBD400E894EF /* Network */ = {
			isa = PBXGroup;
			children = (
				839DC41C1DFAFE5900E894EF /* ApiManager.swift */,
				839DC4181DFAEC2D00E894EF /* HTTPSession.swift */,
			);
			path = Network;
			sourceTree = "<group>";
		};
		83B17ADD1DF8625300688743 /* Common */ = {
			isa = PBXGroup;
			children = (
				839DC41E1DFB049E00E894EF /* Account.swift */,
				83215A701DF5BD83008DAE2C /* AppDelegate.swift */,
				8319F22E1DF5D16D0056A182 /* WeiBo.swift */,
			);
			path = Common;
			sourceTree = "<group>";
		};
		83B17ADE1DF8626900688743 /* UIKit */ = {
			isa = PBXGroup;
			children = (
				83B17ADB1DF85F4300688743 /* HomeTitleButton.swift */,
			);
			path = UIKit;
			sourceTree = "<group>";
		};
		83B17ADF1DF8627800688743 /* Extension */ = {
			isa = PBXGroup;
			children = (
				83B17AD91DF858FC00688743 /* WeiBoBarButtonItem.swift */,
				8319F2321DF5D5080056A182 /* WeiBoJSONSerialization.swift */,
			);
			path = Extension;
			sourceTree = "<group>";
		};
		83B17AE01DF8629600688743 /* Util */ = {
			isa = PBXGroup;
			children = (
			);
			path = Util;
			sourceTree = "<group>";
		};
		83B17AE11DF862AB00688743 /* Support Files */ = {
			isa = PBXGroup;
			children = (
				83215A771DF5BD83008DAE2C /* Assets.xcassets */,
				83215A7C1DF5BD83008DAE2C /* Info.plist */,
				8319F2301DF5D3550056A182 /* vc_name.json */,
			);
			path = "Support Files";
			sourceTree = "<group>";
		};
		83B17AE21DF862E600688743 /* Frontend */ = {
			isa = PBXGroup;
			children = (
				83B17AE61DF8632100688743 /* Discover */,
				83B17AE41DF8631300688743 /* Home */,
				83B17AE81DF8634600688743 /* Main */,
				83B17AE51DF8631900688743 /* Message */,
				839DC4111DFAD71A00E894EF /* OAuth */,
				83B17AE71DF8632C00688743 /* Profile */,
				83B17AE31DF8630000688743 /* Welcome */,
			);
			path = Frontend;
			sourceTree = "<group>";
		};
		83B17AE31DF8630000688743 /* Welcome */ = {
			isa = PBXGroup;
			children = (
				83B9225D1DF83E5B006DBD1A /* GuestView.swift */,
				83B9225F1DF83E6D006DBD1A /* GuestView.xib */,
				83215A791DF5BD83008DAE2C /* LaunchScreen.storyboard */,
				839DC4221DFB1D8F00E894EF /* WelcomeViewController.swift */,
				839DC4231DFB1D8F00E894EF /* WelcomeViewController.xib */,
			);
			path = Welcome;
			sourceTree = "<group>";
		};
		83B17AE41DF8631300688743 /* Home */ = {
			isa = PBXGroup;
			children = (
				8346BA8F1DF6FD0C002F1FDE /* Home.storyboard */,
				8353AB6C1DFC355900A3D382 /* HomeViewCell.swift */,
				8319F2261DF5C62F0056A182 /* HomeViewController.swift */,
				83B17AEF1DF874D100688743 /* PopoverAnimatedTransitioning.swift */,
				83B17AED1DF8696100688743 /* PopoverPresentationController.swift */,
				83B17AE91DF866BF00688743 /* PopoverViewController.swift */,
				83B17AEA1DF866BF00688743 /* PopoverViewController.xib */,
				839D3CC11DFC20BA00DA4CC2 /* Status.swift */,
				839D3CC31DFC213E00DA4CC2 /* User.swift */,
			);
			path = Home;
			sourceTree = "<group>";
		};
		83B17AE51DF8631900688743 /* Message */ = {
			isa = PBXGroup;
			children = (
				8346BA921DF6FD2C002F1FDE /* Message.storyboard */,
				8319F2281DF5C6480056A182 /* MessageViewController.swift */,
			);
			path = Message;
			sourceTree = "<group>";
		};
		83B17AE61DF8632100688743 /* Discover */ = {
			isa = PBXGroup;
			children = (
				8346BA941DF6FD3E002F1FDE /* Discover.storyboard */,
				8319F22A1DF5C6790056A182 /* DiscoverViewController.swift */,
			);
			path = Discover;
			sourceTree = "<group>";
		};
		83B17AE71DF8632C00688743 /* Profile */ = {
			isa = PBXGroup;
			children = (
				8346BA971DF6FD4D002F1FDE /* Profile.storyboard */,
				8319F22C1DF5C6840056A182 /* ProfileViewController.swift */,
			);
			path = Profile;
			sourceTree = "<group>";
		};
		83B17AE81DF8634600688743 /* Main */ = {
			isa = PBXGroup;
			children = (
				83215A741DF5BD83008DAE2C /* Main.storyboard */,
				8319F2241DF5C61A0056A182 /* MainViewController.swift */,
				8346BA991DF6FE36002F1FDE /* Plus.storyboard */,
				8319F2341DF5D7210056A182 /* ViewControllerAdaptive.swift */,
			);
			path = Main;
			sourceTree = "<group>";
		};
/* End PBXGroup section */

/* Begin PBXNativeTarget section */
		83215A6C1DF5BD83008DAE2C /* WeiBo */ = {
			isa = PBXNativeTarget;
			buildConfigurationList = 83215A7F1DF5BD83008DAE2C /* Build configuration list for PBXNativeTarget "WeiBo" */;
			buildPhases = (
				83215A691DF5BD83008DAE2C /* Sources */,
				83215A6A1DF5BD83008DAE2C /* Frameworks */,
				83215A6B1DF5BD83008DAE2C /* Resources */,
				D6A401CE1DFA500D00DE2069 /* ShellScript */,
			);
			buildRules = (
			);
			dependencies = (
			);
			name = WeiBo;
			productName = WeiBo;
			productReference = 83215A6D1DF5BD83008DAE2C /* WeiBo.app */;
			productType = "com.apple.product-type.application";
		};
/* End PBXNativeTarget section */

/* Begin PBXProject section */
		83215A651DF5BD83008DAE2C /* Project object */ = {
			isa = PBXProject;
			attributes = {
				LastSwiftUpdateCheck = 0810;
				LastUpgradeCheck = 0820;
				ORGANIZATIONNAME = Chris;
				TargetAttributes = {
					83215A6C1DF5BD83008DAE2C = {
						CreatedOnToolsVersion = 8.1;
						DevelopmentTeam = Y7673FFN4G;
						LastSwiftMigration = 0820;
						ProvisioningStyle = Automatic;
					};
				};
			};
			buildConfigurationList = 83215A681DF5BD83008DAE2C /* Build configuration list for PBXProject "WeiBo" */;
			compatibilityVersion = "Xcode 3.2";
			developmentRegion = English;
			hasScannedForEncodings = 0;
			knownRegions = (
				en,
				Base,
			);
			mainGroup = 83215A641DF5BD83008DAE2C;
			productRefGroup = 83215A6E1DF5BD83008DAE2C /* Products */;
			projectDirPath = "";
			projectRoot = "";
			targets = (
				83215A6C1DF5BD83008DAE2C /* WeiBo */,
			);
		};
/* End PBXProject section */

/* Begin PBXResourcesBuildPhase section */
		83215A6B1DF5BD83008DAE2C /* Resources */ = {
			isa = PBXResourcesBuildPhase;
			buildActionMask = 2147483647;
			files = (
				83215A7B1DF5BD83008DAE2C /* LaunchScreen.storyboard in Resources */,
				8346BA9B1DF6FE36002F1FDE /* Plus.storyboard in Resources */,
				8346BA911DF6FD0C002F1FDE /* Home.storyboard in Resources */,
				839DC4251DFB1D8F00E894EF /* WelcomeViewController.xib in Resources */,
				83B922601DF83E6D006DBD1A /* GuestView.xib in Resources */,
				839DC4161DFAD76900E894EF /* OAuthViewController.xib in Resources */,
				8346BA981DF6FD4D002F1FDE /* Profile.storyboard in Resources */,
				8319F2311DF5D3550056A182 /* vc_name.json in Resources */,
				83B17AEC1DF866BF00688743 /* PopoverViewController.xib in Resources */,
				83215A781DF5BD83008DAE2C /* Assets.xcassets in Resources */,
				8346BA931DF6FD2C002F1FDE /* Message.storyboard in Resources */,
				8346BA961DF6FD3E002F1FDE /* Discover.storyboard in Resources */,
				83215A761DF5BD83008DAE2C /* Main.storyboard in Resources */,
			);
			runOnlyForDeploymentPostprocessing = 0;
		};
/* End PBXResourcesBuildPhase section */

/* Begin PBXShellScriptBuildPhase section */
		D6A401CE1DFA500D00DE2069 /* ShellScript */ = {
			isa = PBXShellScriptBuildPhase;
			buildActionMask = 2147483647;
			files = (
			);
			inputPaths = (
				"$(SRCROOT)/Carthage/Build/iOS/Alamofire.framework",
				"$(SRCROOT)/Carthage/Build/iOS/Kingfisher.framework",
				"$(SRCROOT)/Carthage/Build/iOS/PKHUD.framework",
				"$(SRCROOT)/Carthage/Build/iOS/SnapKit.framework",
				"$(SRCROOT)/Carthage/Build/iOS/SwiftyJSON.framework",
			);
			outputPaths = (
			);
			runOnlyForDeploymentPostprocessing = 0;
			shellPath = /bin/sh;
			shellScript = "/usr/local/bin/carthage copy-frameworks";
		};
/* End PBXShellScriptBuildPhase section */

/* Begin PBXSourcesBuildPhase section */
		83215A691DF5BD83008DAE2C /* Sources */ = {
			isa = PBXSourcesBuildPhase;
			buildActionMask = 2147483647;
			files = (
				8319F2251DF5C61A0056A182 /* MainViewController.swift in Sources */,
				83B17ADA1DF858FC00688743 /* WeiBoBarButtonItem.swift in Sources */,
				83B17AEB1DF866BF00688743 /* PopoverViewController.swift in Sources */,
				83B9225E1DF83E5B006DBD1A /* GuestView.swift in Sources */,
				839DC4151DFAD76900E894EF /* OAuthViewController.swift in Sources */,
				839DC41F1DFB049E00E894EF /* Account.swift in Sources */,
				839DC4241DFB1D8F00E894EF /* WelcomeViewController.swift in Sources */,
				83215A711DF5BD83008DAE2C /* AppDelegate.swift in Sources */,
				8319F22B1DF5C6790056A182 /* DiscoverViewController.swift in Sources */,
				8319F22F1DF5D16D0056A182 /* WeiBo.swift in Sources */,
				8319F22D1DF5C6840056A182 /* ProfileViewController.swift in Sources */,
				83B17ADC1DF85F4300688743 /* HomeTitleButton.swift in Sources */,
				839DC4191DFAEC2D00E894EF /* HTTPSession.swift in Sources */,
				839DC41B1DFAF8BE00E894EF /* OAuthRequest.swift in Sources */,
				8319F2331DF5D5080056A182 /* WeiBoJSONSerialization.swift in Sources */,
				839D3CC21DFC20BA00DA4CC2 /* Status.swift in Sources */,
				8319F2351DF5D7210056A182 /* ViewControllerAdaptive.swift in Sources */,
				8353AB6E1DFC355900A3D382 /* HomeViewCell.swift in Sources */,
				839DC41D1DFAFE5900E894EF /* ApiManager.swift in Sources */,
				83B17AF01DF874D100688743 /* PopoverAnimatedTransitioning.swift in Sources */,
				8319F2271DF5C62F0056A182 /* HomeViewController.swift in Sources */,
				8319F2291DF5C6480056A182 /* MessageViewController.swift in Sources */,
				83B17AEE1DF8696100688743 /* PopoverPresentationController.swift in Sources */,
				839D3CC41DFC213E00DA4CC2 /* User.swift in Sources */,
			);
			runOnlyForDeploymentPostprocessing = 0;
		};
/* End PBXSourcesBuildPhase section */

/* Begin PBXVariantGroup section */
		83215A741DF5BD83008DAE2C /* Main.storyboard */ = {
			isa = PBXVariantGroup;
			children = (
				83215A751DF5BD83008DAE2C /* Base */,
			);
			name = Main.storyboard;
			path = .;
			sourceTree = "<group>";
		};
		83215A791DF5BD83008DAE2C /* LaunchScreen.storyboard */ = {
			isa = PBXVariantGroup;
			children = (
				83215A7A1DF5BD83008DAE2C /* Base */,
			);
			name = LaunchScreen.storyboard;
			path = .;
			sourceTree = "<group>";
		};
		8346BA8F1DF6FD0C002F1FDE /* Home.storyboard */ = {
			isa = PBXVariantGroup;
			children = (
				8346BA901DF6FD0C002F1FDE /* Base */,
			);
			name = Home.storyboard;
			path = .;
			sourceTree = "<group>";
		};
		8346BA941DF6FD3E002F1FDE /* Discover.storyboard */ = {
			isa = PBXVariantGroup;
			children = (
				8346BA951DF6FD3E002F1FDE /* Base */,
			);
			name = Discover.storyboard;
			path = .;
			sourceTree = "<group>";
		};
		8346BA991DF6FE36002F1FDE /* Plus.storyboard */ = {
			isa = PBXVariantGroup;
			children = (
				8346BA9A1DF6FE36002F1FDE /* Base */,
			);
			name = Plus.storyboard;
			path = .;
			sourceTree = "<group>";
		};
/* End PBXVariantGroup section */

/* Begin XCBuildConfiguration section */
		83215A7D1DF5BD83008DAE2C /* Debug */ = {
			isa = XCBuildConfiguration;
			buildSettings = {
				ALWAYS_SEARCH_USER_PATHS = NO;
				CLANG_ANALYZER_NONNULL = YES;
				CLANG_CXX_LANGUAGE_STANDARD = "gnu++0x";
				CLANG_CXX_LIBRARY = "libc++";
				CLANG_ENABLE_MODULES = YES;
				CLANG_ENABLE_OBJC_ARC = YES;
				CLANG_WARN_BOOL_CONVERSION = YES;
				CLANG_WARN_CONSTANT_CONVERSION = YES;
				CLANG_WARN_DIRECT_OBJC_ISA_USAGE = YES_ERROR;
				CLANG_WARN_DOCUMENTATION_COMMENTS = YES;
				CLANG_WARN_EMPTY_BODY = YES;
				CLANG_WARN_ENUM_CONVERSION = YES;
				CLANG_WARN_INFINITE_RECURSION = YES;
				CLANG_WARN_INT_CONVERSION = YES;
				CLANG_WARN_OBJC_ROOT_CLASS = YES_ERROR;
				CLANG_WARN_SUSPICIOUS_MOVE = YES;
				CLANG_WARN_SUSPICIOUS_MOVES = YES;
				CLANG_WARN_UNREACHABLE_CODE = YES;
				CLANG_WARN__DUPLICATE_METHOD_MATCH = YES;
				"CODE_SIGN_IDENTITY[sdk=iphoneos*]" = "iPhone Developer";
				COPY_PHASE_STRIP = NO;
				DEBUG_INFORMATION_FORMAT = dwarf;
				ENABLE_STRICT_OBJC_MSGSEND = YES;
				ENABLE_TESTABILITY = YES;
				GCC_C_LANGUAGE_STANDARD = gnu99;
				GCC_DYNAMIC_NO_PIC = NO;
				GCC_NO_COMMON_BLOCKS = YES;
				GCC_OPTIMIZATION_LEVEL = 0;
				GCC_PREPROCESSOR_DEFINITIONS = (
					"DEBUG=1",
					"$(inherited)",
				);
				GCC_WARN_64_TO_32_BIT_CONVERSION = YES;
				GCC_WARN_ABOUT_RETURN_TYPE = YES_ERROR;
				GCC_WARN_UNDECLARED_SELECTOR = YES;
				GCC_WARN_UNINITIALIZED_AUTOS = YES_AGGRESSIVE;
				GCC_WARN_UNUSED_FUNCTION = YES;
				GCC_WARN_UNUSED_VARIABLE = YES;
				IPHONEOS_DEPLOYMENT_TARGET = 10.1;
				MTL_ENABLE_DEBUG_INFO = YES;
				ONLY_ACTIVE_ARCH = YES;
				SDKROOT = iphoneos;
				SWIFT_ACTIVE_COMPILATION_CONDITIONS = DEBUG;
				SWIFT_OPTIMIZATION_LEVEL = "-Onone";
				TARGETED_DEVICE_FAMILY = "1,2";
			};
			name = Debug;
		};
		83215A7E1DF5BD83008DAE2C /* Release */ = {
			isa = XCBuildConfiguration;
			buildSettings = {
				ALWAYS_SEARCH_USER_PATHS = NO;
				CLANG_ANALYZER_NONNULL = YES;
				CLANG_CXX_LANGUAGE_STANDARD = "gnu++0x";
				CLANG_CXX_LIBRARY = "libc++";
				CLANG_ENABLE_MODULES = YES;
				CLANG_ENABLE_OBJC_ARC = YES;
				CLANG_WARN_BOOL_CONVERSION = YES;
				CLANG_WARN_CONSTANT_CONVERSION = YES;
				CLANG_WARN_DIRECT_OBJC_ISA_USAGE = YES_ERROR;
				CLANG_WARN_DOCUMENTATION_COMMENTS = YES;
				CLANG_WARN_EMPTY_BODY = YES;
				CLANG_WARN_ENUM_CONVERSION = YES;
				CLANG_WARN_INFINITE_RECURSION = YES;
				CLANG_WARN_INT_CONVERSION = YES;
				CLANG_WARN_OBJC_ROOT_CLASS = YES_ERROR;
				CLANG_WARN_SUSPICIOUS_MOVE = YES;
				CLANG_WARN_SUSPICIOUS_MOVES = YES;
				CLANG_WARN_UNREACHABLE_CODE = YES;
				CLANG_WARN__DUPLICATE_METHOD_MATCH = YES;
				"CODE_SIGN_IDENTITY[sdk=iphoneos*]" = "iPhone Developer";
				COPY_PHASE_STRIP = NO;
				DEBUG_INFORMATION_FORMAT = "dwarf-with-dsym";
				ENABLE_NS_ASSERTIONS = NO;
				ENABLE_STRICT_OBJC_MSGSEND = YES;
				GCC_C_LANGUAGE_STANDARD = gnu99;
				GCC_NO_COMMON_BLOCKS = YES;
				GCC_WARN_64_TO_32_BIT_CONVERSION = YES;
				GCC_WARN_ABOUT_RETURN_TYPE = YES_ERROR;
				GCC_WARN_UNDECLARED_SELECTOR = YES;
				GCC_WARN_UNINITIALIZED_AUTOS = YES_AGGRESSIVE;
				GCC_WARN_UNUSED_FUNCTION = YES;
				GCC_WARN_UNUSED_VARIABLE = YES;
				IPHONEOS_DEPLOYMENT_TARGET = 10.1;
				MTL_ENABLE_DEBUG_INFO = NO;
				SDKROOT = iphoneos;
				SWIFT_OPTIMIZATION_LEVEL = "-Owholemodule";
				TARGETED_DEVICE_FAMILY = "1,2";
				VALIDATE_PRODUCT = YES;
			};
			name = Release;
		};
		83215A801DF5BD83008DAE2C /* Debug */ = {
			isa = XCBuildConfiguration;
			buildSettings = {
				ASSETCATALOG_COMPILER_APPICON_NAME = AppIcon;
				DEVELOPMENT_TEAM = Y7673FFN4G;
				FRAMEWORK_SEARCH_PATHS = (
					"$(inherited)",
					"$(PROJECT_DIR)/Carthage/Build/iOS",
				);
				INFOPLIST_FILE = "WeiBo/Support Files/Info.plist";
				IPHONEOS_DEPLOYMENT_TARGET = 9.3;
				LD_RUNPATH_SEARCH_PATHS = "$(inherited) @executable_path/Frameworks";
				PRODUCT_BUNDLE_IDENTIFIER = com.l1dan.WeiBo;
				PRODUCT_NAME = "$(TARGET_NAME)";
				SWIFT_VERSION = 3.0;
			};
			name = Debug;
		};
		83215A811DF5BD83008DAE2C /* Release */ = {
			isa = XCBuildConfiguration;
			buildSettings = {
				ASSETCATALOG_COMPILER_APPICON_NAME = AppIcon;
				DEVELOPMENT_TEAM = Y7673FFN4G;
				FRAMEWORK_SEARCH_PATHS = (
					"$(inherited)",
					"$(PROJECT_DIR)/Carthage/Build/iOS",
				);
				INFOPLIST_FILE = "WeiBo/Support Files/Info.plist";
				IPHONEOS_DEPLOYMENT_TARGET = 9.3;
				LD_RUNPATH_SEARCH_PATHS = "$(inherited) @executable_path/Frameworks";
				PRODUCT_BUNDLE_IDENTIFIER = com.l1dan.WeiBo;
				PRODUCT_NAME = "$(TARGET_NAME)";
				SWIFT_VERSION = 3.0;
			};
			name = Release;
		};
/* End XCBuildConfiguration section */

/* Begin XCConfigurationList section */
		83215A681DF5BD83008DAE2C /* Build configuration list for PBXProject "WeiBo" */ = {
			isa = XCConfigurationList;
			buildConfigurations = (
				83215A7D1DF5BD83008DAE2C /* Debug */,
				83215A7E1DF5BD83008DAE2C /* Release */,
			);
			defaultConfigurationIsVisible = 0;
			defaultConfigurationName = Release;
		};
		83215A7F1DF5BD83008DAE2C /* Build configuration list for PBXNativeTarget "WeiBo" */ = {
			isa = XCConfigurationList;
			buildConfigurations = (
				83215A801DF5BD83008DAE2C /* Debug */,
				83215A811DF5BD83008DAE2C /* Release */,
			);
			defaultConfigurationIsVisible = 0;
			defaultConfigurationName = Release;
		};
/* End XCConfigurationList section */
	};
	rootObject = 83215A651DF5BD83008DAE2C /* Project object */;
}
